<?xml version="1.0" encoding="utf-8"?>
<Project ToolsVersion="4.0" xmlns="http://schemas.microsoft.com/developer/msbuild/2003">
  <ItemGroup>
    <Filter Include="Common">
      <UniqueIdentifier>{4f75e8a6-8d75-4098-9ad3-7db8b994565a}</UniqueIdentifier>
    </Filter>
    <Filter Include="Game stuff">
      <UniqueIdentifier>{f305f5aa-7b96-4e8a-a90e-da9ae56ca0b2}</UniqueIdentifier>
    </Filter>
    <Filter Include="Game stuff\Misc managers">
      <UniqueIdentifier>{b4363b12-b7f0-49ff-83b0-5c6ce275ff8a}</UniqueIdentifier>
    </Filter>
    <Filter Include="Game stuff\Streaming">
      <UniqueIdentifier>{36d79a9c-3ac7-483d-8766-67a8b560ff37}</UniqueIdentifier>
    </Filter>
    <Filter Include="Game stuff\GUI">
      <UniqueIdentifier>{ad8d39da-b71b-4ff8-bc29-22b08325cb0a}</UniqueIdentifier>
    </Filter>
    <Filter Include="Game stuff\Entities">
      <UniqueIdentifier>{d7b4c76a-67ff-418a-88b4-7a100b21802b}</UniqueIdentifier>
    </Filter>
    <Filter Include="Game stuff\EntitiesManagement">
      <UniqueIdentifier>{c1c937a4-0603-4f40-be7c-74e79c9345ba}</UniqueIdentifier>
    </Filter>
    <Filter Include="Game stuff\Models">
      <UniqueIdentifier>{872e7cfd-1286-4b72-8c44-415472e96977}</UniqueIdentifier>
    </Filter>
    <Filter Include="Game stuff\Sound">
      <UniqueIdentifier>{52273226-2f06-45e0-b3ff-7331e0e9a1d6}</UniqueIdentifier>
    </Filter>
    <Filter Include="Game stuff\Graphics">
      <UniqueIdentifier>{3b321700-1983-4f9a-95e8-141eb1659368}</UniqueIdentifier>
    </Filter>
  </ItemGroup>
  <ItemGroup>
    <Text Include="src\class_hierarchy.txt">
      <Filter>Common</Filter>
    </Text>
  </ItemGroup>
  <ItemGroup>
    <ClInclude Include="src\CommonHeaders.h">
      <Filter>Common</Filter>
    </ClInclude>
    <ClInclude Include="src\CSDSManager.hpp">
      <Filter>Game stuff\Streaming</Filter>
    </ClInclude>
    <ClInclude Include="src\CCameraModule.hpp">
      <Filter>Game stuff\GUI</Filter>
    </ClInclude>
    <ClInclude Include="src\CGameCameraMafia.hpp">
      <Filter>Game stuff\GUI</Filter>
    </ClInclude>
    <ClInclude Include="src\CGameGuiModule.hpp">
      <Filter>Game stuff\GUI</Filter>
    </ClInclude>
    <ClInclude Include="src\CNavigation.hpp">
      <Filter>Game stuff\GUI</Filter>
    </ClInclude>
    <ClInclude Include="src\CGame.hpp">
      <Filter>Game stuff\Misc managers</Filter>
    </ClInclude>
    <ClInclude Include="src\CGfxEnvironmentEffects.hpp">
      <Filter>Game stuff\Misc managers</Filter>
    </ClInclude>
    <ClInclude Include="src\CCamera.hpp">
      <Filter>Game stuff\GUI</Filter>
    </ClInclude>
    <ClInclude Include="src\CRenderCamera.hpp">
      <Filter>Game stuff\GUI</Filter>
    </ClInclude>
    <ClInclude Include="src\CEntity.hpp">
      <Filter>Game stuff\Entities</Filter>
    </ClInclude>
    <ClInclude Include="src\CHuman2.hpp">
      <Filter>Game stuff\Entities</Filter>
    </ClInclude>
    <ClInclude Include="src\CPlayer2.hpp">
      <Filter>Game stuff\Entities</Filter>
    </ClInclude>
    <ClInclude Include="src\CHumanInventory.hpp">
      <Filter>Game stuff\EntitiesManagement</Filter>
    </ClInclude>
    <ClInclude Include="src\CHumanScript.hpp">
      <Filter>Game stuff\EntitiesManagement</Filter>
    </ClInclude>
    <ClInclude Include="src\CModel.hpp">
      <Filter>Game stuff\Models</Filter>
    </ClInclude>
    <ClInclude Include="src\CFrame.hpp">
      <Filter>Game stuff\Entities</Filter>
    </ClInclude>
    <ClInclude Include="src\CSingleMesh.hpp">
      <Filter>Game stuff\Models</Filter>
    </ClInclude>
    <ClInclude Include="src\CHumanWeaponController.hpp">
      <Filter>Game stuff\EntitiesManagement</Filter>
    </ClInclude>
    <ClInclude Include="src\CPlayerModelManager.hpp">
      <Filter>Game stuff\Models</Filter>
    </ClInclude>
    <ClInclude Include="src\CSDSModelManager.hpp">
      <Filter>Game stuff\Models</Filter>
    </ClInclude>
    <ClInclude Include="src\CTextDatabase.hpp">
      <Filter>Game stuff\Misc managers</Filter>
    </ClInclude>
    <ClInclude Include="src\CHud.hpp">
      <Filter>Game stuff\GUI</Filter>
    </ClInclude>
    <ClInclude Include="src\CHudScriptW.h">
      <Filter>Game stuff\GUI</Filter>
    </ClInclude>
    <ClInclude Include="src\CTimer.hpp">
      <Filter>Game stuff\GUI</Filter>
    </ClInclude>
    <ClInclude Include="src\CCar.hpp">
      <Filter>Game stuff\Entities</Filter>
    </ClInclude>
    <ClInclude Include="src\CVehicle.hpp">
      <Filter>Game stuff\Entities</Filter>
    </ClInclude>
    <ClInclude Include="src\CSyncObject.hpp">
      <Filter>Game stuff\Misc managers</Filter>
    </ClInclude>
    <ClInclude Include="src\CEntityMessage.hpp">
      <Filter>Game stuff\EntitiesManagement</Filter>
    </ClInclude>
    <ClInclude Include="src\CEntityMessageDamage.hpp">
      <Filter>Game stuff\EntitiesManagement</Filter>
    </ClInclude>
    <ClInclude Include="src\CPlayerRadio.hpp">
      <Filter>Game stuff\Sound</Filter>
    </ClInclude>
    <ClInclude Include="src\CSpeedometer.hpp">
      <Filter>Game stuff\GUI</Filter>
    </ClInclude>
    <ClInclude Include="src\CMafiaFramework.hpp">
      <Filter>Game stuff\Misc managers</Filter>
    </ClInclude>
    <ClInclude Include="src\CGameRenderingSystemModule.hpp">
      <Filter>Game stuff\Graphics</Filter>
    </ClInclude>
    <ClInclude Include="src\CHints.hpp">
      <Filter>Game stuff\GUI</Filter>
    </ClInclude>
    <ClInclude Include="src\CShotManager.hpp">
      <Filter>Game stuff\Misc managers</Filter>
    </ClInclude>
  </ItemGroup>
  <ItemGroup>
    <ClCompile Include="src\forcebuild.cpp">
      <Filter>Common</Filter>
    </ClCompile>
    <ClCompile Include="src\CEntityFactory.hpp">
      <Filter>Game stuff\Entities</Filter>
    </ClCompile>
  </ItemGroup>
</Project>