<?xml version="1.0" encoding="utf-8"?>
<Project ToolsVersion="4.0" xmlns="http://schemas.microsoft.com/developer/msbuild/2003">
  <ItemGroup>
    <Filter Include="Fichiers sources">
      <UniqueIdentifier>{4FC737F1-C7A5-4376-A066-2A32D752A2FF}</UniqueIdentifier>
      <Extensions>cpp;c;cc;cxx;def;odl;idl;hpj;bat;asm;asmx</Extensions>
    </Filter>
    <Filter Include="Fichiers d%27en-tête">
      <UniqueIdentifier>{93995380-89BD-4b04-88EB-625FBE52EBFB}</UniqueIdentifier>
      <Extensions>h;hh;hpp;hxx;hm;inl;inc;xsd</Extensions>
    </Filter>
    <Filter Include="Fichiers de ressources">
      <UniqueIdentifier>{67DA6AB6-F800-4c08-8B7A-83BB121AAD01}</UniqueIdentifier>
      <Extensions>rc;ico;cur;bmp;dlg;rc2;rct;bin;rgs;gif;jpg;jpeg;jpe;resx;tiff;tif;png;wav;mfcribbon-ms</Extensions>
    </Filter>
    <Filter Include="Fichiers d%27en-tête\Shared">
      <UniqueIdentifier>{57a499a2-3634-4d4b-8457-99db2fda5da3}</UniqueIdentifier>
    </Filter>
    <Filter Include="Fichiers d%27en-tête\Shared\IO">
      <UniqueIdentifier>{f41c76c5-ff8c-4b51-a689-3e0c0a7c7ae5}</UniqueIdentifier>
    </Filter>
    <Filter Include="Fichiers sources\Network">
      <UniqueIdentifier>{1b8de5e1-d860-43b6-8023-d760651b9607}</UniqueIdentifier>
    </Filter>
    <Filter Include="Fichiers d%27en-tête\Network">
      <UniqueIdentifier>{2037e9d5-c82c-43ee-a60b-d627855d5642}</UniqueIdentifier>
    </Filter>
    <Filter Include="Fichiers sources\Network\Entities">
      <UniqueIdentifier>{46cba33f-1880-433a-85be-2b0f95421e4c}</UniqueIdentifier>
    </Filter>
    <Filter Include="Fichiers d%27en-tête\Network\Entities">
      <UniqueIdentifier>{e2e38682-cace-40ce-945b-b9d1bad7b207}</UniqueIdentifier>
    </Filter>
    <Filter Include="Fichiers d%27en-tête\Network\Managers">
      <UniqueIdentifier>{4e3fed8b-1a1a-4c7d-bb76-2b5c6f5dbb3e}</UniqueIdentifier>
    </Filter>
    <Filter Include="Fichiers sources\Network\Managers">
      <UniqueIdentifier>{f80c567e-bc85-4619-8cc1-8205e2933dbe}</UniqueIdentifier>
    </Filter>
    <Filter Include="Fichiers sources\Shared">
      <UniqueIdentifier>{682c1a30-dea1-406e-a884-55408e03fba9}</UniqueIdentifier>
    </Filter>
  </ItemGroup>
  <ItemGroup>
    <ClCompile Include="src\main.cpp">
      <Filter>Fichiers sources</Filter>
    </ClCompile>
    <ClCompile Include="src\CCore.cpp">
      <Filter>Fichiers sources</Filter>
    </ClCompile>
    <ClCompile Include="..\Shared\FileLogger.cpp">
      <Filter>Fichiers d%27en-tête\Shared\IO</Filter>
    </ClCompile>
    <ClCompile Include="src\CNetworkManager.cpp">
      <Filter>Fichiers sources\Network</Filter>
    </ClCompile>
    <ClCompile Include="..\Shared\Network\CNetworkPlayer.cpp">
      <Filter>Fichiers sources\Network\Entities</Filter>
    </ClCompile>
    <ClCompile Include="src\CPlayerManager.cpp">
      <Filter>Fichiers sources\Network\Managers</Filter>
    </ClCompile>
    <ClCompile Include="..\Shared\Network\CNetworkEntity.cpp">
      <Filter>Fichiers sources\Network\Entities</Filter>
    </ClCompile>
    <ClCompile Include="..\Shared\Network\CEntityManager.cpp">
      <Filter>Fichiers sources\Network\Managers</Filter>
    </ClCompile>
    <ClCompile Include="..\Libraries\tinyxml2\tinyxml2.cpp">
      <Filter>Fichiers sources\Shared</Filter>
    </ClCompile>
    <ClCompile Include="..\Shared\AConfiguration.cpp">
      <Filter>Fichiers sources\Shared</Filter>
    </ClCompile>
    <ClCompile Include="src\CServerSettings.cpp">
      <Filter>Fichiers sources</Filter>
    </ClCompile>
  </ItemGroup>
  <ItemGroup>
    <ClInclude Include="src\CCore.h">
      <Filter>Fichiers d%27en-tête</Filter>
    </ClInclude>
    <ClInclude Include="..\Shared\BuildVersion.h">
      <Filter>Fichiers d%27en-tête\Shared</Filter>
    </ClInclude>
    <ClInclude Include="..\Shared\Common.h">
      <Filter>Fichiers d%27en-tête\Shared</Filter>
    </ClInclude>
    <ClInclude Include="..\Shared\Constants.h">
      <Filter>Fichiers d%27en-tête\Shared</Filter>
    </ClInclude>
    <ClInclude Include="..\Shared\CSignelton.h">
      <Filter>Fichiers d%27en-tête\Shared</Filter>
    </ClInclude>
    <ClInclude Include="..\Shared\String.hpp">
      <Filter>Fichiers d%27en-tête\Shared</Filter>
    </ClInclude>
    <ClInclude Include="..\Shared\Types.h">
      <Filter>Fichiers d%27en-tête\Shared</Filter>
    </ClInclude>
    <ClInclude Include="..\Shared\FileLogger.h">
      <Filter>Fichiers d%27en-tête\Shared\IO</Filter>
    </ClInclude>
    <ClInclude Include="src\CNetworkManager.h">
      <Filter>Fichiers d%27en-tête\Network</Filter>
    </ClInclude>
    <ClInclude Include="..\Shared\Network\CNetworkPlayer.h">
      <Filter>Fichiers d%27en-tête\Network\Entities</Filter>
    </ClInclude>
    <ClInclude Include="src\CPlayerManager.h">
      <Filter>Fichiers d%27en-tête\Network\Managers</Filter>
    </ClInclude>
    <ClInclude Include="..\Shared\Network\CNetworkEntity.h">
      <Filter>Fichiers d%27en-tête\Network\Entities</Filter>
    </ClInclude>
    <ClInclude Include="..\Shared\Network\CEntityManager.h">
      <Filter>Fichiers d%27en-tête\Network\Managers</Filter>
    </ClInclude>
    <ClInclude Include="..\Libraries\tinyxml2\tinyxml2.h">
      <Filter>Fichiers d%27en-tête\Shared</Filter>
    </ClInclude>
    <ClInclude Include="..\Shared\AConfiguration.h">
      <Filter>Fichiers d%27en-tête\Shared</Filter>
    </ClInclude>
    <ClInclude Include="src\CServerSettings.h">
      <Filter>Fichiers d%27en-tête</Filter>
    </ClInclude>
  </ItemGroup>
</Project>